
Microsoft Visual Studio Solution File, Format Version 12.00
# Visual Studio Version 16
VisualStudioVersion = 16.0.28803.352
MinimumVisualStudioVersion = 10.0.40219.1
Project("{FAE04EC0-301F-11D3-BF4B-00C04F79EFBC}") = "PigLatin", "PigLatin\PigLatin.csproj", "{AC274E39-32F5-46BB-A5EF-E58667974D19}"
EndProject
Project("{FAE04EC0-301F-11D3-BF4B-00C04F79EFBC}") = "ManyMethods", "ManyMethods\ManyMethods.csproj", "{28968079-3DE3-4ACD-B3E8-E553AC1C0F21}"
EndProject
Project("{FAE04EC0-301F-11D3-BF4B-00C04F79EFBC}") = "Tic,Tac,Toe", "Tic,Tac,Toe\Tic,Tac,Toe.csproj", "{8E666AAC-A938-45C5-9BBF-78277607F034}"
EndProject
Project("{FAE04EC0-301F-11D3-BF4B-00C04F79EFBC}") = "RockPaperScissors", "RockPaperScissors\RockPaperScissors.csproj", "{9F89D908-5326-49A1-8B2C-E4FCAE97E28B}"
EndProject
Project("{FAE04EC0-301F-11D3-BF4B-00C04F79EFBC}") = "MasterMind", "MasterMind\MasterMind.csproj", "{606CAD89-9B45-413F-9850-C823CEFE950E}"
EndProject
Project("{FAE04EC0-301F-11D3-BF4B-00C04F79EFBC}") = "Gradebook", "Gradebook\Gradebook.csproj", "{F4786695-0BD4-4A8B-B49A-E605EFACFA56}"
EndProject
Project("{FAE04EC0-301F-11D3-BF4B-00C04F79EFBC}") = "ToDoList", "ToDoList\ToDoList.csproj", "{D0D3D178-8709-4AD4-ADB8-862A7608F8D7}"
EndProject
Project("{FAE04EC0-301F-11D3-BF4B-00C04F79EFBC}") = "PoCos", "PoCos\PoCos.csproj", "{1BA393CE-0853-41F1-A23A-094EBE5F56EB}"
EndProject
Project("{FAE04EC0-301F-11D3-BF4B-00C04F79EFBC}") = "Point_Demo", "SubClasses\Point_Demo.csproj", "{5259CE68-2A7E-431D-A0DA-3397D2740CCA}"
EndProject
Global
	GlobalSection(SolutionConfigurationPlatforms) = preSolution
		Debug|Any CPU = Debug|Any CPU
		Release|Any CPU = Release|Any CPU
	EndGlobalSection
	GlobalSection(ProjectConfigurationPlatforms) = postSolution
		{AC274E39-32F5-46BB-A5EF-E58667974D19}.Debug|Any CPU.ActiveCfg = Debug|Any CPU
		{AC274E39-32F5-46BB-A5EF-E58667974D19}.Debug|Any CPU.Build.0 = Debug|Any CPU
		{AC274E39-32F5-46BB-A5EF-E58667974D19}.Release|Any CPU.ActiveCfg = Release|Any CPU
		{AC274E39-32F5-46BB-A5EF-E58667974D19}.Release|Any CPU.Build.0 = Release|Any CPU
		{28968079-3DE3-4ACD-B3E8-E553AC1C0F21}.Debug|Any CPU.ActiveCfg = Debug|Any CPU
		{28968079-3DE3-4ACD-B3E8-E553AC1C0F21}.Debug|Any CPU.Build.0 = Debug|Any CPU
		{28968079-3DE3-4ACD-B3E8-E553AC1C0F21}.Release|Any CPU.ActiveCfg = Release|Any CPU
		{28968079-3DE3-4ACD-B3E8-E553AC1C0F21}.Release|Any CPU.Build.0 = Release|Any CPU
		{8E666AAC-A938-45C5-9BBF-78277607F034}.Debug|Any CPU.ActiveCfg = Debug|Any CPU
		{8E666AAC-A938-45C5-9BBF-78277607F034}.Debug|Any CPU.Build.0 = Debug|Any CPU
		{8E666AAC-A938-45C5-9BBF-78277607F034}.Release|Any CPU.ActiveCfg = Release|Any CPU
		{8E666AAC-A938-45C5-9BBF-78277607F034}.Release|Any CPU.Build.0 = Release|Any CPU
		{9F89D908-5326-49A1-8B2C-E4FCAE97E28B}.Debug|Any CPU.ActiveCfg = Debug|Any CPU
		{9F89D908-5326-49A1-8B2C-E4FCAE97E28B}.Debug|Any CPU.Build.0 = Debug|Any CPU
		{9F89D908-5326-49A1-8B2C-E4FCAE97E28B}.Release|Any CPU.ActiveCfg = Release|Any CPU
		{9F89D908-5326-49A1-8B2C-E4FCAE97E28B}.Release|Any CPU.Build.0 = Release|Any CPU
		{606CAD89-9B45-413F-9850-C823CEFE950E}.Debug|Any CPU.ActiveCfg = Debug|Any CPU
		{606CAD89-9B45-413F-9850-C823CEFE950E}.Debug|Any CPU.Build.0 = Debug|Any CPU
		{606CAD89-9B45-413F-9850-C823CEFE950E}.Release|Any CPU.ActiveCfg = Release|Any CPU
		{606CAD89-9B45-413F-9850-C823CEFE950E}.Release|Any CPU.Build.0 = Release|Any CPU
		{F4786695-0BD4-4A8B-B49A-E605EFACFA56}.Debug|Any CPU.ActiveCfg = Debug|Any CPU
		{F4786695-0BD4-4A8B-B49A-E605EFACFA56}.Debug|Any CPU.Build.0 = Debug|Any CPU
		{F4786695-0BD4-4A8B-B49A-E605EFACFA56}.Release|Any CPU.ActiveCfg = Release|Any CPU
		{F4786695-0BD4-4A8B-B49A-E605EFACFA56}.Release|Any CPU.Build.0 = Release|Any CPU
		{D0D3D178-8709-4AD4-ADB8-862A7608F8D7}.Debug|Any CPU.ActiveCfg = Debug|Any CPU
		{D0D3D178-8709-4AD4-ADB8-862A7608F8D7}.Debug|Any CPU.Build.0 = Debug|Any CPU
		{D0D3D178-8709-4AD4-ADB8-862A7608F8D7}.Release|Any CPU.ActiveCfg = Release|Any CPU
		{D0D3D178-8709-4AD4-ADB8-862A7608F8D7}.Release|Any CPU.Build.0 = Release|Any CPU
		{1BA393CE-0853-41F1-A23A-094EBE5F56EB}.Debug|Any CPU.ActiveCfg = Debug|Any CPU
		{1BA393CE-0853-41F1-A23A-094EBE5F56EB}.Debug|Any CPU.Build.0 = Debug|Any CPU
		{1BA393CE-0853-41F1-A23A-094EBE5F56EB}.Release|Any CPU.ActiveCfg = Release|Any CPU
		{1BA393CE-0853-41F1-A23A-094EBE5F56EB}.Release|Any CPU.Build.0 = Release|Any CPU
		{5259CE68-2A7E-431D-A0DA-3397D2740CCA}.Debug|Any CPU.ActiveCfg = Debug|Any CPU
		{5259CE68-2A7E-431D-A0DA-3397D2740CCA}.Debug|Any CPU.Build.0 = Debug|Any CPU
		{5259CE68-2A7E-431D-A0DA-3397D2740CCA}.Release|Any CPU.ActiveCfg = Release|Any CPU
		{5259CE68-2A7E-431D-A0DA-3397D2740CCA}.Release|Any CPU.Build.0 = Release|Any CPU
	EndGlobalSection
	GlobalSection(SolutionProperties) = preSolution
		HideSolutionNode = FALSE
	EndGlobalSection
	GlobalSection(ExtensibilityGlobals) = postSolution
		SolutionGuid = {6F46FD7F-365D-4851-BCD0-ECC79D1347D0}
	EndGlobalSection
EndGlobal
