
Microsoft Visual Studio Solution File, Format Version 12.00
# Visual Studio Version 16
VisualStudioVersion = 16.0.28803.352
MinimumVisualStudioVersion = 10.0.40219.1
Project("{FAE04EC0-301F-11D3-BF4B-00C04F79EFBC}") = "IRentable", "IRentable.csproj", "{20C9ED1E-EE76-463F-A9A7-D3D48A5BEB7D}"
EndProject
Global
	GlobalSection(SolutionConfigurationPlatforms) = preSolution
		Debug|Any CPU = Debug|Any CPU
		Release|Any CPU = Release|Any CPU
	EndGlobalSection
	GlobalSection(ProjectConfigurationPlatforms) = postSolution
		{20C9ED1E-EE76-463F-A9A7-D3D48A5BEB7D}.Debug|Any CPU.ActiveCfg = Debug|Any CPU
		{20C9ED1E-EE76-463F-A9A7-D3D48A5BEB7D}.Debug|Any CPU.Build.0 = Debug|Any CPU
		{20C9ED1E-EE76-463F-A9A7-D3D48A5BEB7D}.Release|Any CPU.ActiveCfg = Release|Any CPU
		{20C9ED1E-EE76-463F-A9A7-D3D48A5BEB7D}.Release|Any CPU.Build.0 = Release|Any CPU
	EndGlobalSection
	GlobalSection(SolutionProperties) = preSolution
		HideSolutionNode = FALSE
	EndGlobalSection
	GlobalSection(ExtensibilityGlobals) = postSolution
		SolutionGuid = {D507FC19-6FE9-46AD-B13A-6A60F768ACFF}
	EndGlobalSection
EndGlobal
